
Microsoft Visual Studio Solution File, Format Version 12.00
# Visual Studio Version 17
VisualStudioVersion = 17.1.32210.238
MinimumVisualStudioVersion = 10.0.40219.1
Project("{FAE04EC0-301F-11D3-BF4B-00C04F79EFBC}") = "SQLTest", "SQLTest\SQLTest.csproj", "{031C3C83-9BB8-4569-8F02-E82EF0D71083}"
EndProject
Global
	GlobalSection(SolutionConfigurationPlatforms) = preSolution
		Debug|Any CPU = Debug|Any CPU
		Release|Any CPU = Release|Any CPU
	EndGlobalSection
	GlobalSection(ProjectConfigurationPlatforms) = postSolution
		{031C3C83-9BB8-4569-8F02-E82EF0D71083}.Debug|Any CPU.ActiveCfg = Debug|Any CPU
		{031C3C83-9BB8-4569-8F02-E82EF0D71083}.Debug|Any CPU.Build.0 = Debug|Any CPU
		{031C3C83-9BB8-4569-8F02-E82EF0D71083}.Release|Any CPU.ActiveCfg = Release|Any CPU
		{031C3C83-9BB8-4569-8F02-E82EF0D71083}.Release|Any CPU.Build.0 = Release|Any CPU
	EndGlobalSection
	GlobalSection(SolutionProperties) = preSolution
		HideSolutionNode = FALSE
	EndGlobalSection
	GlobalSection(ExtensibilityGlobals) = postSolution
		SolutionGuid = {EC649032-1A9B-488C-9903-DDA5CC5AE88F}
	EndGlobalSection
EndGlobal
